
Microsoft Visual Studio Solution File, Format Version 9.00
# Visual Studio 2005
Project("{E24C65DC-7377-472B-9ABA-BC803B73C61A}") = "F:\car\", ".", "{E762BE1F-62F9-458B-B2C6-8426FCB64F1F}"
	ProjectSection(WebsiteProperties) = preProject
		Debug.AspNetCompiler.VirtualPath = "/car2"
		Debug.AspNetCompiler.PhysicalPath = "A:\car2\"
		Debug.AspNetCompiler.TargetPath = "PrecompiledWeb\car2\"
		Debug.AspNetCompiler.Updateable = "true"
		Debug.AspNetCompiler.ForceOverwrite = "true"
		Debug.AspNetCompiler.FixedNames = "false"
		Debug.AspNetCompiler.Debug = "True"
		Release.AspNetCompiler.VirtualPath = "/car2"
		Release.AspNetCompiler.PhysicalPath = "A:\car2\"
		Release.AspNetCompiler.TargetPath = "PrecompiledWeb\car2\"
		Release.AspNetCompiler.Updateable = "true"
		Release.AspNetCompiler.ForceOverwrite = "true"
		Release.AspNetCompiler.FixedNames = "false"
		Release.AspNetCompiler.Debug = "False"
		VWDPort = "5160"
	EndProjectSection
EndProject
Global
	GlobalSection(SolutionConfigurationPlatforms) = preSolution
		Debug|.NET = Debug|.NET
	EndGlobalSection
	GlobalSection(ProjectConfigurationPlatforms) = postSolution
		{E762BE1F-62F9-458B-B2C6-8426FCB64F1F}.Debug|.NET.ActiveCfg = Debug|.NET
		{E762BE1F-62F9-458B-B2C6-8426FCB64F1F}.Debug|.NET.Build.0 = Debug|.NET
	EndGlobalSection
	GlobalSection(SolutionProperties) = preSolution
		HideSolutionNode = FALSE
	EndGlobalSection
EndGlobal
